
Microsoft Visual Studio Solution File, Format Version 12.00
# Visual Studio Version 17
VisualStudioVersion = 17.8.34309.116
MinimumVisualStudioVersion = 10.0.40219.1
Project("{FAE04EC0-301F-11D3-BF4B-00C04F79EFBC}") = "DemoGDIBasic", "DemoGDIBasic\DemoGDIBasic.csproj", "{0DA1DA2A-BF55-45D8-AAB4-A4C5AF62D4BD}"
EndProject
Global
	GlobalSection(SolutionConfigurationPlatforms) = preSolution
		Debug|Any CPU = Debug|Any CPU
		Release|Any CPU = Release|Any CPU
	EndGlobalSection
	GlobalSection(ProjectConfigurationPlatforms) = postSolution
		{0DA1DA2A-BF55-45D8-AAB4-A4C5AF62D4BD}.Debug|Any CPU.ActiveCfg = Debug|Any CPU
		{0DA1DA2A-BF55-45D8-AAB4-A4C5AF62D4BD}.Debug|Any CPU.Build.0 = Debug|Any CPU
		{0DA1DA2A-BF55-45D8-AAB4-A4C5AF62D4BD}.Release|Any CPU.ActiveCfg = Release|Any CPU
		{0DA1DA2A-BF55-45D8-AAB4-A4C5AF62D4BD}.Release|Any CPU.Build.0 = Release|Any CPU
	EndGlobalSection
	GlobalSection(SolutionProperties) = preSolution
		HideSolutionNode = FALSE
	EndGlobalSection
	GlobalSection(ExtensibilityGlobals) = postSolution
		SolutionGuid = {924AD5C3-536A-4E56-BEE4-D352F81A1D48}
	EndGlobalSection
EndGlobal
