
Microsoft Visual Studio Solution File, Format Version 12.00
# Visual Studio Version 17
VisualStudioVersion = 17.8.34309.116
MinimumVisualStudioVersion = 10.0.40219.1
Project("{9A19103F-16F7-4668-BE54-9A1E7A4F7556}") = "MyUserControl", "MyUserControl\MyUserControl.csproj", "{8A8D4E5D-ADD6-4A81-880C-CAB3D6F8FD3B}"
EndProject
Project("{FAE04EC0-301F-11D3-BF4B-00C04F79EFBC}") = "DemoUserControl", "DemoUserControl\DemoUserControl.csproj", "{2BDE1B98-BFB0-40DA-8CD2-B734EA2C3B01}"
EndProject
Global
	GlobalSection(SolutionConfigurationPlatforms) = preSolution
		Debug|Any CPU = Debug|Any CPU
		Release|Any CPU = Release|Any CPU
	EndGlobalSection
	GlobalSection(ProjectConfigurationPlatforms) = postSolution
		{8A8D4E5D-ADD6-4A81-880C-CAB3D6F8FD3B}.Debug|Any CPU.ActiveCfg = Debug|Any CPU
		{8A8D4E5D-ADD6-4A81-880C-CAB3D6F8FD3B}.Debug|Any CPU.Build.0 = Debug|Any CPU
		{8A8D4E5D-ADD6-4A81-880C-CAB3D6F8FD3B}.Release|Any CPU.ActiveCfg = Release|Any CPU
		{8A8D4E5D-ADD6-4A81-880C-CAB3D6F8FD3B}.Release|Any CPU.Build.0 = Release|Any CPU
		{2BDE1B98-BFB0-40DA-8CD2-B734EA2C3B01}.Debug|Any CPU.ActiveCfg = Debug|Any CPU
		{2BDE1B98-BFB0-40DA-8CD2-B734EA2C3B01}.Debug|Any CPU.Build.0 = Debug|Any CPU
		{2BDE1B98-BFB0-40DA-8CD2-B734EA2C3B01}.Release|Any CPU.ActiveCfg = Release|Any CPU
		{2BDE1B98-BFB0-40DA-8CD2-B734EA2C3B01}.Release|Any CPU.Build.0 = Release|Any CPU
	EndGlobalSection
	GlobalSection(SolutionProperties) = preSolution
		HideSolutionNode = FALSE
	EndGlobalSection
	GlobalSection(ExtensibilityGlobals) = postSolution
		SolutionGuid = {5AAAD7AE-2582-44D4-9213-52D36B60CE1D}
	EndGlobalSection
EndGlobal
